{
  "nodes": {
    "cachyos-kernel": {
      "flake": false,
      "locked": {
        "lastModified": 1772644657,
        "narHash": "sha256-7zQSBFv9gFeYhe65NchqLLste7mJ396jA1OnNcf+OQQ=",
        "owner": "CachyOS",
        "repo": "linux-cachyos",
        "rev": "ff5ccc4fa26d5272d929fb9c1838593a6347ca10",
        "type": "github"
      },
      "original": {
        "owner": "CachyOS",
        "repo": "linux-cachyos",
        "type": "github"
      }
    },
    "cachyos-kernel-patches": {
      "flake": false,
      "locked": {
        "lastModified": 1772731186,
        "narHash": "sha256-y70pS9Cma7+WCsni3VTacHh9g/udulmBS6zrYE2Fz64=",
        "owner": "CachyOS",
        "repo": "kernel-patches",
        "rev": "eac8168ee15f742547d4d20ba5c7fea283f23019",
        "type": "github"
      },
      "original": {
        "owner": "CachyOS",
        "repo": "kernel-patches",
        "type": "github"
      }
    },
    "nixpkgs": {
      "locked": {
        "lastModified": 1772773019,
        "narHash": "sha256-E1bxHxNKfDoQUuvriG71+f+s/NT0qWkImXsYZNFFfCs=",
        "owner": "nixos",
        "repo": "nixpkgs",
        "rev": "aca4d95fce4914b3892661bcb80b8087293536c6",
        "type": "github"
      },
      "original": {
        "owner": "nixos",
        "ref": "nixos-unstable",
        "repo": "nixpkgs",
        "type": "github"
      }
    },
    "root": {
      "inputs": {
        "cachyos-kernel": "cachyos-kernel",
        "cachyos-kernel-patches": "cachyos-kernel-patches",
        "nixpkgs": "nixpkgs"
      }
    }
  },
  "root": "root",
  "version": 7
}
