{
  "nodes": {
    "cachyos-kernel": {
      "flake": false,
      "locked": {
        "lastModified": 1766083376,
        "narHash": "sha256-eh914fO4gYD8aCuUrMlPBRsxwwa2+qc9HCuAhrG6G9c=",
        "owner": "CachyOS",
        "repo": "linux-cachyos",
        "rev": "9d369789361623b8a3b842a71adccb19b24ba16f",
        "type": "github"
      },
      "original": {
        "owner": "CachyOS",
        "repo": "linux-cachyos",
        "type": "github"
      }
    },
    "cachyos-kernel-patches": {
      "flake": false,
      "locked": {
        "lastModified": 1766080842,
        "narHash": "sha256-LezfhAfTdfhvjiHSWe258SMUIs+cP8SHT8BiPou0A4w=",
        "owner": "CachyOS",
        "repo": "kernel-patches",
        "rev": "e266fbc7f36273ebbc62a9bffda02e3882eb8f6c",
        "type": "github"
      },
      "original": {
        "owner": "CachyOS",
        "repo": "kernel-patches",
        "type": "github"
      }
    },
    "nixpkgs": {
      "locked": {
        "lastModified": 1766070988,
        "narHash": "sha256-G/WVghka6c4bAzMhTwT2vjLccg/awmHkdKSd2JrycLc=",
        "owner": "nixos",
        "repo": "nixpkgs",
        "rev": "c6245e83d836d0433170a16eb185cefe0572f8b8",
        "type": "github"
      },
      "original": {
        "owner": "nixos",
        "ref": "nixos-unstable",
        "repo": "nixpkgs",
        "type": "github"
      }
    },
    "root": {
      "inputs": {
        "cachyos-kernel": "cachyos-kernel",
        "cachyos-kernel-patches": "cachyos-kernel-patches",
        "nixpkgs": "nixpkgs"
      }
    }
  },
  "root": "root",
  "version": 7
}
